
Microsoft Visual Studio Solution File, Format Version 12.00
# Visual Studio Version 16
VisualStudioVersion = 16.0.29102.190
MinimumVisualStudioVersion = 10.0.40219.1
Project("{9A19103F-16F7-4668-BE54-9A1E7A4F7556}") = "DemoMongoClusterReader", "DemoMongoClusterReader\DemoMongoClusterReader.csproj", "{6F5D318F-384F-4313-9EEB-1E7FA3AFDCD1}"
EndProject
Project("{9A19103F-16F7-4668-BE54-9A1E7A4F7556}") = "MongoCluster.Messages", "MongoCluster.Messages\MongoCluster.Messages.csproj", "{D217120A-0ECB-44E6-93AE-EA685B4EAB90}"
EndProject
Project("{FAE04EC0-301F-11D3-BF4B-00C04F79EFBC}") = "DemoMongoClusterWriter", "DemoMongoClusterWriter\DemoMongoClusterWriter.csproj", "{0EAE58FC-4F49-448B-9289-B8BF8723592B}"
EndProject
Global
	GlobalSection(SolutionConfigurationPlatforms) = preSolution
		Debug|Any CPU = Debug|Any CPU
		Release|Any CPU = Release|Any CPU
	EndGlobalSection
	GlobalSection(ProjectConfigurationPlatforms) = postSolution
		{6F5D318F-384F-4313-9EEB-1E7FA3AFDCD1}.Debug|Any CPU.ActiveCfg = Debug|Any CPU
		{6F5D318F-384F-4313-9EEB-1E7FA3AFDCD1}.Debug|Any CPU.Build.0 = Debug|Any CPU
		{6F5D318F-384F-4313-9EEB-1E7FA3AFDCD1}.Release|Any CPU.ActiveCfg = Release|Any CPU
		{6F5D318F-384F-4313-9EEB-1E7FA3AFDCD1}.Release|Any CPU.Build.0 = Release|Any CPU
		{D217120A-0ECB-44E6-93AE-EA685B4EAB90}.Debug|Any CPU.ActiveCfg = Debug|Any CPU
		{D217120A-0ECB-44E6-93AE-EA685B4EAB90}.Debug|Any CPU.Build.0 = Debug|Any CPU
		{D217120A-0ECB-44E6-93AE-EA685B4EAB90}.Release|Any CPU.ActiveCfg = Release|Any CPU
		{D217120A-0ECB-44E6-93AE-EA685B4EAB90}.Release|Any CPU.Build.0 = Release|Any CPU
		{0EAE58FC-4F49-448B-9289-B8BF8723592B}.Debug|Any CPU.ActiveCfg = Debug|Any CPU
		{0EAE58FC-4F49-448B-9289-B8BF8723592B}.Debug|Any CPU.Build.0 = Debug|Any CPU
		{0EAE58FC-4F49-448B-9289-B8BF8723592B}.Release|Any CPU.ActiveCfg = Release|Any CPU
		{0EAE58FC-4F49-448B-9289-B8BF8723592B}.Release|Any CPU.Build.0 = Release|Any CPU
	EndGlobalSection
	GlobalSection(SolutionProperties) = preSolution
		HideSolutionNode = FALSE
	EndGlobalSection
	GlobalSection(ExtensibilityGlobals) = postSolution
		SolutionGuid = {DDFFD18B-7EBE-4AAE-BD3B-F22583483F92}
	EndGlobalSection
EndGlobal
